
Microsoft Visual Studio Solution File, Format Version 12.00
Project("{FAE04EC0-301F-11D3-BF4B-00C04F79EFBC}") = "ProductService", "ProductService\ProductService.csproj", "{280E7F31-2692-46B7-B350-3ADE175DA956}"
EndProject
Project("{FAE04EC0-301F-11D3-BF4B-00C04F79EFBC}") = "PriceService", "PriceService\PriceService.csproj", "{D128ADF0-1C2A-4110-BA45-00FCC4FB5C16}"
EndProject
Project("{FAE04EC0-301F-11D3-BF4B-00C04F79EFBC}") = "LogService", "LogService\LogService.csproj", "{766D5EAD-3063-4946-BAC2-5E9EAEFF74B1}"
EndProject
Project("{FAE04EC0-301F-11D3-BF4B-00C04F79EFBC}") = "ProductService.Tests", "ProductService.Tests\ProductService.Tests.csproj", "{EB481C91-3D4F-4C46-B61A-04DA048764D1}"
EndProject
Global
	GlobalSection(SolutionConfigurationPlatforms) = preSolution
		Debug|Any CPU = Debug|Any CPU
		Release|Any CPU = Release|Any CPU
	EndGlobalSection
	GlobalSection(ProjectConfigurationPlatforms) = postSolution
		{280E7F31-2692-46B7-B350-3ADE175DA956}.Debug|Any CPU.ActiveCfg = Debug|Any CPU
		{280E7F31-2692-46B7-B350-3ADE175DA956}.Debug|Any CPU.Build.0 = Debug|Any CPU
		{280E7F31-2692-46B7-B350-3ADE175DA956}.Release|Any CPU.ActiveCfg = Release|Any CPU
		{280E7F31-2692-46B7-B350-3ADE175DA956}.Release|Any CPU.Build.0 = Release|Any CPU
		{D128ADF0-1C2A-4110-BA45-00FCC4FB5C16}.Debug|Any CPU.ActiveCfg = Debug|Any CPU
		{D128ADF0-1C2A-4110-BA45-00FCC4FB5C16}.Debug|Any CPU.Build.0 = Debug|Any CPU
		{D128ADF0-1C2A-4110-BA45-00FCC4FB5C16}.Release|Any CPU.ActiveCfg = Release|Any CPU
		{D128ADF0-1C2A-4110-BA45-00FCC4FB5C16}.Release|Any CPU.Build.0 = Release|Any CPU
		{766D5EAD-3063-4946-BAC2-5E9EAEFF74B1}.Debug|Any CPU.ActiveCfg = Debug|Any CPU
		{766D5EAD-3063-4946-BAC2-5E9EAEFF74B1}.Debug|Any CPU.Build.0 = Debug|Any CPU
		{766D5EAD-3063-4946-BAC2-5E9EAEFF74B1}.Release|Any CPU.ActiveCfg = Release|Any CPU
		{766D5EAD-3063-4946-BAC2-5E9EAEFF74B1}.Release|Any CPU.Build.0 = Release|Any CPU
		{EB481C91-3D4F-4C46-B61A-04DA048764D1}.Debug|Any CPU.ActiveCfg = Debug|Any CPU
		{EB481C91-3D4F-4C46-B61A-04DA048764D1}.Debug|Any CPU.Build.0 = Debug|Any CPU
		{EB481C91-3D4F-4C46-B61A-04DA048764D1}.Release|Any CPU.ActiveCfg = Release|Any CPU
		{EB481C91-3D4F-4C46-B61A-04DA048764D1}.Release|Any CPU.Build.0 = Release|Any CPU
	EndGlobalSection
EndGlobal
